
Microsoft Visual Studio Solution File, Format Version 12.00
# Visual Studio Version 16
VisualStudioVersion = 16.0.32602.291
MinimumVisualStudioVersion = 10.0.40219.1
Project("{FAE04EC0-301F-11D3-BF4B-00C04F79EFBC}") = "CarWebApp", "CarWebApp.csproj", "{6E6E26CB-3CDB-459A-90B3-C5E258D07060}"
EndProject
Global
	GlobalSection(SolutionConfigurationPlatforms) = preSolution
		Debug|Any CPU = Debug|Any CPU
		Release|Any CPU = Release|Any CPU
	EndGlobalSection
	GlobalSection(ProjectConfigurationPlatforms) = postSolution
		{6E6E26CB-3CDB-459A-90B3-C5E258D07060}.Debug|Any CPU.ActiveCfg = Debug|Any CPU
		{6E6E26CB-3CDB-459A-90B3-C5E258D07060}.Debug|Any CPU.Build.0 = Debug|Any CPU
		{6E6E26CB-3CDB-459A-90B3-C5E258D07060}.Release|Any CPU.ActiveCfg = Release|Any CPU
		{6E6E26CB-3CDB-459A-90B3-C5E258D07060}.Release|Any CPU.Build.0 = Release|Any CPU
	EndGlobalSection
	GlobalSection(SolutionProperties) = preSolution
		HideSolutionNode = FALSE
	EndGlobalSection
	GlobalSection(ExtensibilityGlobals) = postSolution
		SolutionGuid = {E134579E-40D7-4A0D-9D26-1FB675F794AE}
	EndGlobalSection
EndGlobal
